
Microsoft Visual Studio Solution File, Format Version 12.00
# Visual Studio 15
VisualStudioVersion = 15.0.28307.902
MinimumVisualStudioVersion = 10.0.40219.1
Project("{9092AA53-FB77-4645-B42D-1CCCA6BD08BD}") = "NodejsWebApi", "NodejsWebApi\NodejsWebApi.njsproj", "{89912744-9C09-442E-BCCD-23865E7D8E3C}"
EndProject
Global
	GlobalSection(SolutionConfigurationPlatforms) = preSolution
		Debug|Any CPU = Debug|Any CPU
		Release|Any CPU = Release|Any CPU
	EndGlobalSection
	GlobalSection(ProjectConfigurationPlatforms) = postSolution
		{89912744-9C09-442E-BCCD-23865E7D8E3C}.Debug|Any CPU.ActiveCfg = Debug|Any CPU
		{89912744-9C09-442E-BCCD-23865E7D8E3C}.Debug|Any CPU.Build.0 = Debug|Any CPU
		{89912744-9C09-442E-BCCD-23865E7D8E3C}.Release|Any CPU.ActiveCfg = Release|Any CPU
		{89912744-9C09-442E-BCCD-23865E7D8E3C}.Release|Any CPU.Build.0 = Release|Any CPU
	EndGlobalSection
	GlobalSection(SolutionProperties) = preSolution
		HideSolutionNode = FALSE
	EndGlobalSection
	GlobalSection(ExtensibilityGlobals) = postSolution
		SolutionGuid = {D37484AE-9EB4-48BD-B26C-C8CF3CD694EB}
	EndGlobalSection
EndGlobal
